Microsoft Visual Studio Solution File, Format Version 12.00
# Visual Studio Version 17
VisualStudioVersion = 17.5.2.0
MinimumVisualStudioVersion = 10.0.40219.1
Project("{FAE04EC0-301F-11D3-BF4B-00C04F79EFBC}") = "Laboratorio1_C15380", "Laboratorio1_C15380.csproj", "{733F0E72-29F8-2DE5-8E05-F8FB2E57B3C9}"
EndProject
Global
	GlobalSection(SolutionConfigurationPlatforms) = preSolution
		Debug|Any CPU = Debug|Any CPU
		Release|Any CPU = Release|Any CPU
	EndGlobalSection
	GlobalSection(ProjectConfigurationPlatforms) = postSolution
		{733F0E72-29F8-2DE5-8E05-F8FB2E57B3C9}.Debug|Any CPU.ActiveCfg = Debug|Any CPU
		{733F0E72-29F8-2DE5-8E05-F8FB2E57B3C9}.Debug|Any CPU.Build.0 = Debug|Any CPU
		{733F0E72-29F8-2DE5-8E05-F8FB2E57B3C9}.Release|Any CPU.ActiveCfg = Release|Any CPU
		{733F0E72-29F8-2DE5-8E05-F8FB2E57B3C9}.Release|Any CPU.Build.0 = Release|Any CPU
	EndGlobalSection
	GlobalSection(SolutionProperties) = preSolution
		HideSolutionNode = FALSE
	EndGlobalSection
	GlobalSection(ExtensibilityGlobals) = postSolution
		SolutionGuid = {B47A7CFA-CBE6-46FB-958D-DE40B5A1C6A5}
	EndGlobalSection
EndGlobal
